
Microsoft Visual Studio Solution File, Format Version 12.00
# Visual Studio Version 17
VisualStudioVersion = 17.6.33723.286
MinimumVisualStudioVersion = 10.0.40219.1
Project("{FAE04EC0-301F-11D3-BF4B-00C04F79EFBC}") = "BTree_Database", "BTree_Database\BTree_Database.csproj", "{995BD614-F853-47C3-B267-83C4FC198704}"
EndProject
Global
	GlobalSection(SolutionConfigurationPlatforms) = preSolution
		Debug|Any CPU = Debug|Any CPU
		Release|Any CPU = Release|Any CPU
	EndGlobalSection
	GlobalSection(ProjectConfigurationPlatforms) = postSolution
		{995BD614-F853-47C3-B267-83C4FC198704}.Debug|Any CPU.ActiveCfg = Debug|Any CPU
		{995BD614-F853-47C3-B267-83C4FC198704}.Debug|Any CPU.Build.0 = Debug|Any CPU
		{995BD614-F853-47C3-B267-83C4FC198704}.Release|Any CPU.ActiveCfg = Release|Any CPU
		{995BD614-F853-47C3-B267-83C4FC198704}.Release|Any CPU.Build.0 = Release|Any CPU
	EndGlobalSection
	GlobalSection(SolutionProperties) = preSolution
		HideSolutionNode = FALSE
	EndGlobalSection
	GlobalSection(ExtensibilityGlobals) = postSolution
		SolutionGuid = {C5BC19BE-B3E7-47E6-B812-1813B8478EEE}
	EndGlobalSection
EndGlobal
